
Microsoft Visual Studio Solution File, Format Version 12.00
# Visual Studio Version 16
VisualStudioVersion = 16.0.30204.135
MinimumVisualStudioVersion = 10.0.40219.1
Project("{FAE04EC0-301F-11D3-BF4B-00C04F79EFBC}") = "SweepViewer", "SweepViewer/SweepViewer.csproj", "{120FDC0E-E9C6-4DA5-B7E6-47D9AAEFAC99}"
EndProject
Global
	GlobalSection(SolutionConfigurationPlatforms) = preSolution
		Debug|Any CPU = Debug|Any CPU
		Release|Any CPU = Release|Any CPU
	EndGlobalSection
	GlobalSection(ProjectConfigurationPlatforms) = postSolution
		{120FDC0E-E9C6-4DA5-B7E6-47D9AAEFAC99}.Debug|Any CPU.ActiveCfg = Debug|Any CPU
		{120FDC0E-E9C6-4DA5-B7E6-47D9AAEFAC99}.Debug|Any CPU.Build.0 = Debug|Any CPU
		{120FDC0E-E9C6-4DA5-B7E6-47D9AAEFAC99}.Release|Any CPU.ActiveCfg = Release|Any CPU
		{120FDC0E-E9C6-4DA5-B7E6-47D9AAEFAC99}.Release|Any CPU.Build.0 = Release|Any CPU
	EndGlobalSection
	GlobalSection(SolutionProperties) = preSolution
		HideSolutionNode = FALSE
	EndGlobalSection
	GlobalSection(ExtensibilityGlobals) = postSolution
		SolutionGuid = {0F9C6773-31DC-4E9C-92B6-96F1D28FF1C7}
	EndGlobalSection
EndGlobal
